dependencies:
- name: mysql
  repository: https://charts.bitnami.com/bitnami
  version: 14.0.3
- name: backend
  repository: file://../subcharts/backend
  version: 0.1.0
- name: frontend
  repository: file://../subcharts/frontend
  version: 0.1.0
digest: sha256:d1a7c4628f49234eec93d7158ce0b4bad3635f11a13f50c19a2e4b0957bad7d3
generated: "2025-09-03T00:41:53.888436849+03:00"
